
Microsoft Visual Studio Solution File, Format Version 12.00
# Visual Studio 14
VisualStudioVersion = 14.0.25123.0
MinimumVisualStudioVersion = 10.0.40219.1
Project("{F2A71F9B-5D33-465A-A702-920D77279786}") = "ex01 - hello world", "ex01 - hello world\ex01 - hello world.fsproj", "{F6E19197-5939-4DBC-BD3A-4424258B9FFB}"
EndProject
Project("{F2A71F9B-5D33-465A-A702-920D77279786}") = "ex02 - variables", "ex02 - variables\ex02 - variables.fsproj", "{47588A3C-2606-41B0-A57D-B36C03EB6BAE}"
EndProject
Project("{F2A71F9B-5D33-465A-A702-920D77279786}") = "ex03 - functions", "ex03 - functions\ex03 - functions.fsproj", "{F4D4903E-383D-41C6-A315-768A0DDC5065}"
EndProject
Project("{F2A71F9B-5D33-465A-A702-920D77279786}") = "ex04 - explicit type declaration", "ex04 - explicit type declaration\ex04 - explicit type declaration.fsproj", "{4ED83CE6-4AAF-4987-85BB-70E5AA4CBD61}"
EndProject
Project("{F2A71F9B-5D33-465A-A702-920D77279786}") = "ex05 - closures and caching", "ex05 - closures and caching\ex05 - closures and caching.fsproj", "{F4BAE89E-C78B-4C31-95DA-926355C49859}"
EndProject
Project("{F2A71F9B-5D33-465A-A702-920D77279786}") = "ex06 - forward pipe operator", "ex06 - forward pipe operator\ex06 - forward pipe operator.fsproj", "{AEF3730B-F3DA-4777-AEFF-E5DC3449B1AD}"
EndProject
Project("{F2A71F9B-5D33-465A-A702-920D77279786}") = "ex07 - recursion", "ex07 - recursion\ex07 - recursion.fsproj", "{3D80BBD0-F02E-480B-AC80-1DE0C1B96968}"
EndProject
Project("{F2A71F9B-5D33-465A-A702-920D77279786}") = "ex08 - lists", "ex08 - lists\ex08 - lists.fsproj", "{9674100D-5B98-4054-885D-E9365C4A6FAB}"
EndProject
Project("{F2A71F9B-5D33-465A-A702-920D77279786}") = "ex09 - arrays", "ex09 - arrays\ex09 - arrays.fsproj", "{042BB0E9-71DE-4927-8074-5A5E892E5657}"
EndProject
Project("{F2A71F9B-5D33-465A-A702-920D77279786}") = "ex10 - sequences", "ex10 - sequences\ex10 - sequences.fsproj", "{C6004078-7959-4E7F-8665-37EBDABC9EB5}"
EndProject
Project("{F2A71F9B-5D33-465A-A702-920D77279786}") = "ex11 - sets", "ex11 - sets\ex11 - sets.fsproj", "{BB1D8C24-9BE3-42DC-9845-3DA950FB7DDB}"
EndProject
Project("{F2A71F9B-5D33-465A-A702-920D77279786}") = "ex12 - maps", "ex12 - maps\ex12 - maps.fsproj", "{159155A0-DE78-429E-8A16-1EB8E8F63A34}"
EndProject
Global
	GlobalSection(SolutionConfigurationPlatforms) = preSolution
		Debug|Any CPU = Debug|Any CPU
		Release|Any CPU = Release|Any CPU
	EndGlobalSection
	GlobalSection(ProjectConfigurationPlatforms) = postSolution
		{F6E19197-5939-4DBC-BD3A-4424258B9FFB}.Debug|Any CPU.ActiveCfg = Debug|Any CPU
		{F6E19197-5939-4DBC-BD3A-4424258B9FFB}.Debug|Any CPU.Build.0 = Debug|Any CPU
		{F6E19197-5939-4DBC-BD3A-4424258B9FFB}.Release|Any CPU.ActiveCfg = Release|Any CPU
		{F6E19197-5939-4DBC-BD3A-4424258B9FFB}.Release|Any CPU.Build.0 = Release|Any CPU
		{47588A3C-2606-41B0-A57D-B36C03EB6BAE}.Debug|Any CPU.ActiveCfg = Debug|Any CPU
		{47588A3C-2606-41B0-A57D-B36C03EB6BAE}.Debug|Any CPU.Build.0 = Debug|Any CPU
		{47588A3C-2606-41B0-A57D-B36C03EB6BAE}.Release|Any CPU.ActiveCfg = Release|Any CPU
		{47588A3C-2606-41B0-A57D-B36C03EB6BAE}.Release|Any CPU.Build.0 = Release|Any CPU
		{F4D4903E-383D-41C6-A315-768A0DDC5065}.Debug|Any CPU.ActiveCfg = Debug|Any CPU
		{F4D4903E-383D-41C6-A315-768A0DDC5065}.Debug|Any CPU.Build.0 = Debug|Any CPU
		{F4D4903E-383D-41C6-A315-768A0DDC5065}.Release|Any CPU.ActiveCfg = Release|Any CPU
		{F4D4903E-383D-41C6-A315-768A0DDC5065}.Release|Any CPU.Build.0 = Release|Any CPU
		{4ED83CE6-4AAF-4987-85BB-70E5AA4CBD61}.Debug|Any CPU.ActiveCfg = Debug|Any CPU
		{4ED83CE6-4AAF-4987-85BB-70E5AA4CBD61}.Debug|Any CPU.Build.0 = Debug|Any CPU
		{4ED83CE6-4AAF-4987-85BB-70E5AA4CBD61}.Release|Any CPU.ActiveCfg = Release|Any CPU
		{4ED83CE6-4AAF-4987-85BB-70E5AA4CBD61}.Release|Any CPU.Build.0 = Release|Any CPU
		{F4BAE89E-C78B-4C31-95DA-926355C49859}.Debug|Any CPU.ActiveCfg = Debug|Any CPU
		{F4BAE89E-C78B-4C31-95DA-926355C49859}.Debug|Any CPU.Build.0 = Debug|Any CPU
		{F4BAE89E-C78B-4C31-95DA-926355C49859}.Release|Any CPU.ActiveCfg = Release|Any CPU
		{F4BAE89E-C78B-4C31-95DA-926355C49859}.Release|Any CPU.Build.0 = Release|Any CPU
		{AEF3730B-F3DA-4777-AEFF-E5DC3449B1AD}.Debug|Any CPU.ActiveCfg = Debug|Any CPU
		{AEF3730B-F3DA-4777-AEFF-E5DC3449B1AD}.Debug|Any CPU.Build.0 = Debug|Any CPU
		{AEF3730B-F3DA-4777-AEFF-E5DC3449B1AD}.Release|Any CPU.ActiveCfg = Release|Any CPU
		{AEF3730B-F3DA-4777-AEFF-E5DC3449B1AD}.Release|Any CPU.Build.0 = Release|Any CPU
		{3D80BBD0-F02E-480B-AC80-1DE0C1B96968}.Debug|Any CPU.ActiveCfg = Debug|Any CPU
		{3D80BBD0-F02E-480B-AC80-1DE0C1B96968}.Debug|Any CPU.Build.0 = Debug|Any CPU
		{3D80BBD0-F02E-480B-AC80-1DE0C1B96968}.Release|Any CPU.ActiveCfg = Release|Any CPU
		{3D80BBD0-F02E-480B-AC80-1DE0C1B96968}.Release|Any CPU.Build.0 = Release|Any CPU
		{9674100D-5B98-4054-885D-E9365C4A6FAB}.Debug|Any CPU.ActiveCfg = Debug|Any CPU
		{9674100D-5B98-4054-885D-E9365C4A6FAB}.Debug|Any CPU.Build.0 = Debug|Any CPU
		{9674100D-5B98-4054-885D-E9365C4A6FAB}.Release|Any CPU.ActiveCfg = Release|Any CPU
		{9674100D-5B98-4054-885D-E9365C4A6FAB}.Release|Any CPU.Build.0 = Release|Any CPU
		{042BB0E9-71DE-4927-8074-5A5E892E5657}.Debug|Any CPU.ActiveCfg = Debug|Any CPU
		{042BB0E9-71DE-4927-8074-5A5E892E5657}.Debug|Any CPU.Build.0 = Debug|Any CPU
		{042BB0E9-71DE-4927-8074-5A5E892E5657}.Release|Any CPU.ActiveCfg = Release|Any CPU
		{042BB0E9-71DE-4927-8074-5A5E892E5657}.Release|Any CPU.Build.0 = Release|Any CPU
		{C6004078-7959-4E7F-8665-37EBDABC9EB5}.Debug|Any CPU.ActiveCfg = Debug|Any CPU
		{C6004078-7959-4E7F-8665-37EBDABC9EB5}.Debug|Any CPU.Build.0 = Debug|Any CPU
		{C6004078-7959-4E7F-8665-37EBDABC9EB5}.Release|Any CPU.ActiveCfg = Release|Any CPU
		{C6004078-7959-4E7F-8665-37EBDABC9EB5}.Release|Any CPU.Build.0 = Release|Any CPU
		{BB1D8C24-9BE3-42DC-9845-3DA950FB7DDB}.Debug|Any CPU.ActiveCfg = Debug|Any CPU
		{BB1D8C24-9BE3-42DC-9845-3DA950FB7DDB}.Debug|Any CPU.Build.0 = Debug|Any CPU
		{BB1D8C24-9BE3-42DC-9845-3DA950FB7DDB}.Release|Any CPU.ActiveCfg = Release|Any CPU
		{BB1D8C24-9BE3-42DC-9845-3DA950FB7DDB}.Release|Any CPU.Build.0 = Release|Any CPU
		{159155A0-DE78-429E-8A16-1EB8E8F63A34}.Debug|Any CPU.ActiveCfg = Debug|Any CPU
		{159155A0-DE78-429E-8A16-1EB8E8F63A34}.Debug|Any CPU.Build.0 = Debug|Any CPU
		{159155A0-DE78-429E-8A16-1EB8E8F63A34}.Release|Any CPU.ActiveCfg = Release|Any CPU
		{159155A0-DE78-429E-8A16-1EB8E8F63A34}.Release|Any CPU.Build.0 = Release|Any CPU
	EndGlobalSection
	GlobalSection(SolutionProperties) = preSolution
		HideSolutionNode = FALSE
	EndGlobalSection
EndGlobal
