
Microsoft Visual Studio Solution File, Format Version 12.00
# Visual Studio 14
VisualStudioVersion = 14.0.25123.0
MinimumVisualStudioVersion = 10.0.40219.1
Project("{F2A71F9B-5D33-465A-A702-920D77279786}") = "ex01 - classes", "ex01 - classes\ex01 - classes.fsproj", "{4BC7779B-46BF-4011-B059-92486B7FF8EA}"
EndProject
Project("{F2A71F9B-5D33-465A-A702-920D77279786}") = "ex02 - properties", "ex02 - properties\ex02 - properties.fsproj", "{3C35DF71-1398-4AF8-A764-6D63A90559B5}"
EndProject
Project("{F2A71F9B-5D33-465A-A702-920D77279786}") = "ex03 - secondary constructors", "ex03 - secondary constructors\ex03 - secondary constructors.fsproj", "{91370711-0BF7-4943-AF3D-AC7450B39E6F}"
EndProject
Project("{F2A71F9B-5D33-465A-A702-920D77279786}") = "ex04 - static members", "ex04 - static members\ex04 - static members.fsproj", "{B0B4CCA7-7E46-49D3-B45F-1E88B9ACE8AD}"
EndProject
Project("{F2A71F9B-5D33-465A-A702-920D77279786}") = "ex05 - inheritance", "ex05 - inheritance\ex05 - inheritance.fsproj", "{662607EA-94B9-447D-AE33-68750749F2E8}"
EndProject
Project("{F2A71F9B-5D33-465A-A702-920D77279786}") = "ex06 - abstract classes", "ex06 - abstract classes\ex06 - abstract classes.fsproj", "{2DCA4287-715B-4FE6-9D7E-F3BD0455FAB2}"
EndProject
Project("{F2A71F9B-5D33-465A-A702-920D77279786}") = "ex07 - interfaces", "ex07 - interfaces\ex07 - interfaces.fsproj", "{1BE7C807-10BF-4A3C-B9B4-7991F3175630}"
EndProject
Project("{F2A71F9B-5D33-465A-A702-920D77279786}") = "ex08 - object expressions", "ex08 - object expressions\ex08 - object expressions.fsproj", "{B4C32A9B-C163-4A65-B4E4-CCE5CB5AEB20}"
EndProject
Global
	GlobalSection(SolutionConfigurationPlatforms) = preSolution
		Debug|Any CPU = Debug|Any CPU
		Release|Any CPU = Release|Any CPU
	EndGlobalSection
	GlobalSection(ProjectConfigurationPlatforms) = postSolution
		{4BC7779B-46BF-4011-B059-92486B7FF8EA}.Debug|Any CPU.ActiveCfg = Debug|Any CPU
		{4BC7779B-46BF-4011-B059-92486B7FF8EA}.Debug|Any CPU.Build.0 = Debug|Any CPU
		{4BC7779B-46BF-4011-B059-92486B7FF8EA}.Release|Any CPU.ActiveCfg = Release|Any CPU
		{4BC7779B-46BF-4011-B059-92486B7FF8EA}.Release|Any CPU.Build.0 = Release|Any CPU
		{3C35DF71-1398-4AF8-A764-6D63A90559B5}.Debug|Any CPU.ActiveCfg = Debug|Any CPU
		{3C35DF71-1398-4AF8-A764-6D63A90559B5}.Debug|Any CPU.Build.0 = Debug|Any CPU
		{3C35DF71-1398-4AF8-A764-6D63A90559B5}.Release|Any CPU.ActiveCfg = Release|Any CPU
		{3C35DF71-1398-4AF8-A764-6D63A90559B5}.Release|Any CPU.Build.0 = Release|Any CPU
		{91370711-0BF7-4943-AF3D-AC7450B39E6F}.Debug|Any CPU.ActiveCfg = Debug|Any CPU
		{91370711-0BF7-4943-AF3D-AC7450B39E6F}.Debug|Any CPU.Build.0 = Debug|Any CPU
		{91370711-0BF7-4943-AF3D-AC7450B39E6F}.Release|Any CPU.ActiveCfg = Release|Any CPU
		{91370711-0BF7-4943-AF3D-AC7450B39E6F}.Release|Any CPU.Build.0 = Release|Any CPU
		{B0B4CCA7-7E46-49D3-B45F-1E88B9ACE8AD}.Debug|Any CPU.ActiveCfg = Debug|Any CPU
		{B0B4CCA7-7E46-49D3-B45F-1E88B9ACE8AD}.Debug|Any CPU.Build.0 = Debug|Any CPU
		{B0B4CCA7-7E46-49D3-B45F-1E88B9ACE8AD}.Release|Any CPU.ActiveCfg = Release|Any CPU
		{B0B4CCA7-7E46-49D3-B45F-1E88B9ACE8AD}.Release|Any CPU.Build.0 = Release|Any CPU
		{662607EA-94B9-447D-AE33-68750749F2E8}.Debug|Any CPU.ActiveCfg = Debug|Any CPU
		{662607EA-94B9-447D-AE33-68750749F2E8}.Debug|Any CPU.Build.0 = Debug|Any CPU
		{662607EA-94B9-447D-AE33-68750749F2E8}.Release|Any CPU.ActiveCfg = Release|Any CPU
		{662607EA-94B9-447D-AE33-68750749F2E8}.Release|Any CPU.Build.0 = Release|Any CPU
		{2DCA4287-715B-4FE6-9D7E-F3BD0455FAB2}.Debug|Any CPU.ActiveCfg = Debug|Any CPU
		{2DCA4287-715B-4FE6-9D7E-F3BD0455FAB2}.Debug|Any CPU.Build.0 = Debug|Any CPU
		{2DCA4287-715B-4FE6-9D7E-F3BD0455FAB2}.Release|Any CPU.ActiveCfg = Release|Any CPU
		{2DCA4287-715B-4FE6-9D7E-F3BD0455FAB2}.Release|Any CPU.Build.0 = Release|Any CPU
		{1BE7C807-10BF-4A3C-B9B4-7991F3175630}.Debug|Any CPU.ActiveCfg = Debug|Any CPU
		{1BE7C807-10BF-4A3C-B9B4-7991F3175630}.Debug|Any CPU.Build.0 = Debug|Any CPU
		{1BE7C807-10BF-4A3C-B9B4-7991F3175630}.Release|Any CPU.ActiveCfg = Release|Any CPU
		{1BE7C807-10BF-4A3C-B9B4-7991F3175630}.Release|Any CPU.Build.0 = Release|Any CPU
		{B4C32A9B-C163-4A65-B4E4-CCE5CB5AEB20}.Debug|Any CPU.ActiveCfg = Debug|Any CPU
		{B4C32A9B-C163-4A65-B4E4-CCE5CB5AEB20}.Debug|Any CPU.Build.0 = Debug|Any CPU
		{B4C32A9B-C163-4A65-B4E4-CCE5CB5AEB20}.Release|Any CPU.ActiveCfg = Release|Any CPU
		{B4C32A9B-C163-4A65-B4E4-CCE5CB5AEB20}.Release|Any CPU.Build.0 = Release|Any CPU
	EndGlobalSection
	GlobalSection(SolutionProperties) = preSolution
		HideSolutionNode = FALSE
	EndGlobalSection
EndGlobal
