
Microsoft Visual Studio Solution File, Format Version 12.00
# Visual Studio 14
VisualStudioVersion = 14.0.25420.1
MinimumVisualStudioVersion = 10.0.40219.1
Project("{F2A71F9B-5D33-465A-A702-920D77279786}") = "ex01 - hello http server", "ex01 - hello http server\ex01 - hello http server.fsproj", "{23FEFB2D-0156-4745-BB1C-CDF167F69EBF}"
EndProject
Project("{F2A71F9B-5D33-465A-A702-920D77279786}") = "ex02 - get files", "ex02 - get files\ex02 - get files.fsproj", "{78CCFC3E-A521-4BE6-A091-73EC29B712D6}"
EndProject
Project("{F2A71F9B-5D33-465A-A702-920D77279786}") = "ex03 - json ajax requests", "ex03 - json ajax requests\ex03 - json ajax requests.fsproj", "{7F962EC2-84C0-4FB6-B006-DC762EFA7E14}"
EndProject
Project("{F2A71F9B-5D33-465A-A702-920D77279786}") = "ex - Newtonsoft.Json", "ex - Newtonsoft.Json\ex - Newtonsoft.Json.fsproj", "{9A7A8B51-42BE-420A-AA89-4335388F4E2F}"
EndProject
Project("{F2A71F9B-5D33-465A-A702-920D77279786}") = "ex04 - json web token", "ex04 - json web token\ex04 - json web token.fsproj", "{27445069-644F-4030-995C-F2677372F1AE}"
EndProject
Project("{F2A71F9B-5D33-465A-A702-920D77279786}") = "ex - JWT", "ex - JWT\ex - JWT.fsproj", "{1F44C31F-87B8-4633-928C-4EB7A88CBFB5}"
EndProject
Project("{F2A71F9B-5D33-465A-A702-920D77279786}") = "ex05 - url piggyback data", "ex05 - url piggyback data\ex05 - url piggyback data.fsproj", "{CBA25677-9A37-4018-B0B8-5531D61A3DDD}"
EndProject
Project("{F2A71F9B-5D33-465A-A702-920D77279786}") = "ex - LINQ to SQL", "ex - LINQ to SQL\ex - LINQ to SQL.fsproj", "{37903EAE-D691-4685-BE93-96D01D3BCC57}"
EndProject
Project("{F2A71F9B-5D33-465A-A702-920D77279786}") = "BankApp v1", "BankApp v1\BankApp v1.fsproj", "{72BA7225-BE01-41BD-82DB-13EBFE2B6BB2}"
EndProject
Global
	GlobalSection(SolutionConfigurationPlatforms) = preSolution
		Debug|Any CPU = Debug|Any CPU
		Release|Any CPU = Release|Any CPU
	EndGlobalSection
	GlobalSection(ProjectConfigurationPlatforms) = postSolution
		{23FEFB2D-0156-4745-BB1C-CDF167F69EBF}.Debug|Any CPU.ActiveCfg = Debug|Any CPU
		{23FEFB2D-0156-4745-BB1C-CDF167F69EBF}.Debug|Any CPU.Build.0 = Debug|Any CPU
		{23FEFB2D-0156-4745-BB1C-CDF167F69EBF}.Release|Any CPU.ActiveCfg = Release|Any CPU
		{23FEFB2D-0156-4745-BB1C-CDF167F69EBF}.Release|Any CPU.Build.0 = Release|Any CPU
		{78CCFC3E-A521-4BE6-A091-73EC29B712D6}.Debug|Any CPU.ActiveCfg = Debug|Any CPU
		{78CCFC3E-A521-4BE6-A091-73EC29B712D6}.Debug|Any CPU.Build.0 = Debug|Any CPU
		{78CCFC3E-A521-4BE6-A091-73EC29B712D6}.Release|Any CPU.ActiveCfg = Release|Any CPU
		{78CCFC3E-A521-4BE6-A091-73EC29B712D6}.Release|Any CPU.Build.0 = Release|Any CPU
		{7F962EC2-84C0-4FB6-B006-DC762EFA7E14}.Debug|Any CPU.ActiveCfg = Debug|Any CPU
		{7F962EC2-84C0-4FB6-B006-DC762EFA7E14}.Debug|Any CPU.Build.0 = Debug|Any CPU
		{7F962EC2-84C0-4FB6-B006-DC762EFA7E14}.Release|Any CPU.ActiveCfg = Release|Any CPU
		{7F962EC2-84C0-4FB6-B006-DC762EFA7E14}.Release|Any CPU.Build.0 = Release|Any CPU
		{9A7A8B51-42BE-420A-AA89-4335388F4E2F}.Debug|Any CPU.ActiveCfg = Debug|Any CPU
		{9A7A8B51-42BE-420A-AA89-4335388F4E2F}.Debug|Any CPU.Build.0 = Debug|Any CPU
		{9A7A8B51-42BE-420A-AA89-4335388F4E2F}.Release|Any CPU.ActiveCfg = Release|Any CPU
		{9A7A8B51-42BE-420A-AA89-4335388F4E2F}.Release|Any CPU.Build.0 = Release|Any CPU
		{27445069-644F-4030-995C-F2677372F1AE}.Debug|Any CPU.ActiveCfg = Debug|Any CPU
		{27445069-644F-4030-995C-F2677372F1AE}.Debug|Any CPU.Build.0 = Debug|Any CPU
		{27445069-644F-4030-995C-F2677372F1AE}.Release|Any CPU.ActiveCfg = Release|Any CPU
		{27445069-644F-4030-995C-F2677372F1AE}.Release|Any CPU.Build.0 = Release|Any CPU
		{1F44C31F-87B8-4633-928C-4EB7A88CBFB5}.Debug|Any CPU.ActiveCfg = Debug|Any CPU
		{1F44C31F-87B8-4633-928C-4EB7A88CBFB5}.Debug|Any CPU.Build.0 = Debug|Any CPU
		{1F44C31F-87B8-4633-928C-4EB7A88CBFB5}.Release|Any CPU.ActiveCfg = Release|Any CPU
		{1F44C31F-87B8-4633-928C-4EB7A88CBFB5}.Release|Any CPU.Build.0 = Release|Any CPU
		{CBA25677-9A37-4018-B0B8-5531D61A3DDD}.Debug|Any CPU.ActiveCfg = Debug|Any CPU
		{CBA25677-9A37-4018-B0B8-5531D61A3DDD}.Debug|Any CPU.Build.0 = Debug|Any CPU
		{CBA25677-9A37-4018-B0B8-5531D61A3DDD}.Release|Any CPU.ActiveCfg = Release|Any CPU
		{CBA25677-9A37-4018-B0B8-5531D61A3DDD}.Release|Any CPU.Build.0 = Release|Any CPU
		{37903EAE-D691-4685-BE93-96D01D3BCC57}.Debug|Any CPU.ActiveCfg = Debug|Any CPU
		{37903EAE-D691-4685-BE93-96D01D3BCC57}.Debug|Any CPU.Build.0 = Debug|Any CPU
		{37903EAE-D691-4685-BE93-96D01D3BCC57}.Release|Any CPU.ActiveCfg = Release|Any CPU
		{37903EAE-D691-4685-BE93-96D01D3BCC57}.Release|Any CPU.Build.0 = Release|Any CPU
		{72BA7225-BE01-41BD-82DB-13EBFE2B6BB2}.Debug|Any CPU.ActiveCfg = Debug|Any CPU
		{72BA7225-BE01-41BD-82DB-13EBFE2B6BB2}.Debug|Any CPU.Build.0 = Debug|Any CPU
		{72BA7225-BE01-41BD-82DB-13EBFE2B6BB2}.Release|Any CPU.ActiveCfg = Release|Any CPU
		{72BA7225-BE01-41BD-82DB-13EBFE2B6BB2}.Release|Any CPU.Build.0 = Release|Any CPU
	EndGlobalSection
	GlobalSection(SolutionProperties) = preSolution
		HideSolutionNode = FALSE
	EndGlobalSection
EndGlobal
