
Microsoft Visual Studio Solution File, Format Version 12.00
# Visual Studio 14
VisualStudioVersion = 14.0.25420.1
MinimumVisualStudioVersion = 10.0.40219.1
Project("{F2A71F9B-5D33-465A-A702-920D77279786}") = "BankApp.Nucleus", "BankApp.Kernel\BankApp.Nucleus.fsproj", "{A9BC8921-E739-4E9C-86B0-0B63FF89AFDE}"
EndProject
Project("{FAE04EC0-301F-11D3-BF4B-00C04F79EFBC}") = "BankApp.Android", "BankApp.Android\BankApp.Android.csproj", "{96DC70B4-1A80-4AC8-8228-A0D394B09620}"
EndProject
Project("{FAE04EC0-301F-11D3-BF4B-00C04F79EFBC}") = "BankApp.IPhone", "BankApp.IPhone\BankApp.IPhone.csproj", "{D6CFC4BD-E391-4C3A-BE7B-8F3E5C935BB8}"
EndProject
Global
	GlobalSection(SolutionConfigurationPlatforms) = preSolution
		Ad-Hoc|Any CPU = Ad-Hoc|Any CPU
		Ad-Hoc|iPhone = Ad-Hoc|iPhone
		Ad-Hoc|iPhoneSimulator = Ad-Hoc|iPhoneSimulator
		AppStore|Any CPU = AppStore|Any CPU
		AppStore|iPhone = AppStore|iPhone
		AppStore|iPhoneSimulator = AppStore|iPhoneSimulator
		Debug|Any CPU = Debug|Any CPU
		Debug|iPhone = Debug|iPhone
		Debug|iPhoneSimulator = Debug|iPhoneSimulator
		Release|Any CPU = Release|Any CPU
		Release|iPhone = Release|iPhone
		Release|iPhoneSimulator = Release|iPhoneSimulator
	EndGlobalSection
	GlobalSection(ProjectConfigurationPlatforms) = postSolution
		{A9BC8921-E739-4E9C-86B0-0B63FF89AFDE}.Ad-Hoc|Any CPU.ActiveCfg = Release|Any CPU
		{A9BC8921-E739-4E9C-86B0-0B63FF89AFDE}.Ad-Hoc|Any CPU.Build.0 = Release|Any CPU
		{A9BC8921-E739-4E9C-86B0-0B63FF89AFDE}.Ad-Hoc|iPhone.ActiveCfg = Release|Any CPU
		{A9BC8921-E739-4E9C-86B0-0B63FF89AFDE}.Ad-Hoc|iPhone.Build.0 = Release|Any CPU
		{A9BC8921-E739-4E9C-86B0-0B63FF89AFDE}.Ad-Hoc|iPhoneSimulator.ActiveCfg = Release|Any CPU
		{A9BC8921-E739-4E9C-86B0-0B63FF89AFDE}.Ad-Hoc|iPhoneSimulator.Build.0 = Release|Any CPU
		{A9BC8921-E739-4E9C-86B0-0B63FF89AFDE}.AppStore|Any CPU.ActiveCfg = Release|Any CPU
		{A9BC8921-E739-4E9C-86B0-0B63FF89AFDE}.AppStore|Any CPU.Build.0 = Release|Any CPU
		{A9BC8921-E739-4E9C-86B0-0B63FF89AFDE}.AppStore|iPhone.ActiveCfg = Release|Any CPU
		{A9BC8921-E739-4E9C-86B0-0B63FF89AFDE}.AppStore|iPhone.Build.0 = Release|Any CPU
		{A9BC8921-E739-4E9C-86B0-0B63FF89AFDE}.AppStore|iPhoneSimulator.ActiveCfg = Release|Any CPU
		{A9BC8921-E739-4E9C-86B0-0B63FF89AFDE}.AppStore|iPhoneSimulator.Build.0 = Release|Any CPU
		{A9BC8921-E739-4E9C-86B0-0B63FF89AFDE}.Debug|Any CPU.ActiveCfg = Debug|Any CPU
		{A9BC8921-E739-4E9C-86B0-0B63FF89AFDE}.Debug|Any CPU.Build.0 = Debug|Any CPU
		{A9BC8921-E739-4E9C-86B0-0B63FF89AFDE}.Debug|iPhone.ActiveCfg = Debug|Any CPU
		{A9BC8921-E739-4E9C-86B0-0B63FF89AFDE}.Debug|iPhone.Build.0 = Debug|Any CPU
		{A9BC8921-E739-4E9C-86B0-0B63FF89AFDE}.Debug|iPhoneSimulator.ActiveCfg = Debug|Any CPU
		{A9BC8921-E739-4E9C-86B0-0B63FF89AFDE}.Debug|iPhoneSimulator.Build.0 = Debug|Any CPU
		{A9BC8921-E739-4E9C-86B0-0B63FF89AFDE}.Release|Any CPU.ActiveCfg = Release|Any CPU
		{A9BC8921-E739-4E9C-86B0-0B63FF89AFDE}.Release|Any CPU.Build.0 = Release|Any CPU
		{A9BC8921-E739-4E9C-86B0-0B63FF89AFDE}.Release|iPhone.ActiveCfg = Release|Any CPU
		{A9BC8921-E739-4E9C-86B0-0B63FF89AFDE}.Release|iPhone.Build.0 = Release|Any CPU
		{A9BC8921-E739-4E9C-86B0-0B63FF89AFDE}.Release|iPhoneSimulator.ActiveCfg = Release|Any CPU
		{A9BC8921-E739-4E9C-86B0-0B63FF89AFDE}.Release|iPhoneSimulator.Build.0 = Release|Any CPU
		{96DC70B4-1A80-4AC8-8228-A0D394B09620}.Ad-Hoc|Any CPU.ActiveCfg = Release|Any CPU
		{96DC70B4-1A80-4AC8-8228-A0D394B09620}.Ad-Hoc|Any CPU.Build.0 = Release|Any CPU
		{96DC70B4-1A80-4AC8-8228-A0D394B09620}.Ad-Hoc|Any CPU.Deploy.0 = Release|Any CPU
		{96DC70B4-1A80-4AC8-8228-A0D394B09620}.Ad-Hoc|iPhone.ActiveCfg = Release|Any CPU
		{96DC70B4-1A80-4AC8-8228-A0D394B09620}.Ad-Hoc|iPhone.Build.0 = Release|Any CPU
		{96DC70B4-1A80-4AC8-8228-A0D394B09620}.Ad-Hoc|iPhone.Deploy.0 = Release|Any CPU
		{96DC70B4-1A80-4AC8-8228-A0D394B09620}.Ad-Hoc|iPhoneSimulator.ActiveCfg = Release|Any CPU
		{96DC70B4-1A80-4AC8-8228-A0D394B09620}.Ad-Hoc|iPhoneSimulator.Build.0 = Release|Any CPU
		{96DC70B4-1A80-4AC8-8228-A0D394B09620}.Ad-Hoc|iPhoneSimulator.Deploy.0 = Release|Any CPU
		{96DC70B4-1A80-4AC8-8228-A0D394B09620}.AppStore|Any CPU.ActiveCfg = Release|Any CPU
		{96DC70B4-1A80-4AC8-8228-A0D394B09620}.AppStore|Any CPU.Build.0 = Release|Any CPU
		{96DC70B4-1A80-4AC8-8228-A0D394B09620}.AppStore|Any CPU.Deploy.0 = Release|Any CPU
		{96DC70B4-1A80-4AC8-8228-A0D394B09620}.AppStore|iPhone.ActiveCfg = Release|Any CPU
		{96DC70B4-1A80-4AC8-8228-A0D394B09620}.AppStore|iPhone.Build.0 = Release|Any CPU
		{96DC70B4-1A80-4AC8-8228-A0D394B09620}.AppStore|iPhone.Deploy.0 = Release|Any CPU
		{96DC70B4-1A80-4AC8-8228-A0D394B09620}.AppStore|iPhoneSimulator.ActiveCfg = Release|Any CPU
		{96DC70B4-1A80-4AC8-8228-A0D394B09620}.AppStore|iPhoneSimulator.Build.0 = Release|Any CPU
		{96DC70B4-1A80-4AC8-8228-A0D394B09620}.AppStore|iPhoneSimulator.Deploy.0 = Release|Any CPU
		{96DC70B4-1A80-4AC8-8228-A0D394B09620}.Debug|Any CPU.ActiveCfg = Debug|Any CPU
		{96DC70B4-1A80-4AC8-8228-A0D394B09620}.Debug|Any CPU.Build.0 = Debug|Any CPU
		{96DC70B4-1A80-4AC8-8228-A0D394B09620}.Debug|Any CPU.Deploy.0 = Debug|Any CPU
		{96DC70B4-1A80-4AC8-8228-A0D394B09620}.Debug|iPhone.ActiveCfg = Debug|Any CPU
		{96DC70B4-1A80-4AC8-8228-A0D394B09620}.Debug|iPhone.Build.0 = Debug|Any CPU
		{96DC70B4-1A80-4AC8-8228-A0D394B09620}.Debug|iPhone.Deploy.0 = Debug|Any CPU
		{96DC70B4-1A80-4AC8-8228-A0D394B09620}.Debug|iPhoneSimulator.ActiveCfg = Debug|Any CPU
		{96DC70B4-1A80-4AC8-8228-A0D394B09620}.Debug|iPhoneSimulator.Build.0 = Debug|Any CPU
		{96DC70B4-1A80-4AC8-8228-A0D394B09620}.Debug|iPhoneSimulator.Deploy.0 = Debug|Any CPU
		{96DC70B4-1A80-4AC8-8228-A0D394B09620}.Release|Any CPU.ActiveCfg = Release|Any CPU
		{96DC70B4-1A80-4AC8-8228-A0D394B09620}.Release|Any CPU.Build.0 = Release|Any CPU
		{96DC70B4-1A80-4AC8-8228-A0D394B09620}.Release|Any CPU.Deploy.0 = Release|Any CPU
		{96DC70B4-1A80-4AC8-8228-A0D394B09620}.Release|iPhone.ActiveCfg = Release|Any CPU
		{96DC70B4-1A80-4AC8-8228-A0D394B09620}.Release|iPhone.Build.0 = Release|Any CPU
		{96DC70B4-1A80-4AC8-8228-A0D394B09620}.Release|iPhone.Deploy.0 = Release|Any CPU
		{96DC70B4-1A80-4AC8-8228-A0D394B09620}.Release|iPhoneSimulator.ActiveCfg = Release|Any CPU
		{96DC70B4-1A80-4AC8-8228-A0D394B09620}.Release|iPhoneSimulator.Build.0 = Release|Any CPU
		{96DC70B4-1A80-4AC8-8228-A0D394B09620}.Release|iPhoneSimulator.Deploy.0 = Release|Any CPU
		{D6CFC4BD-E391-4C3A-BE7B-8F3E5C935BB8}.Ad-Hoc|Any CPU.ActiveCfg = Ad-Hoc|iPhone
		{D6CFC4BD-E391-4C3A-BE7B-8F3E5C935BB8}.Ad-Hoc|iPhone.ActiveCfg = Ad-Hoc|iPhone
		{D6CFC4BD-E391-4C3A-BE7B-8F3E5C935BB8}.Ad-Hoc|iPhone.Build.0 = Ad-Hoc|iPhone
		{D6CFC4BD-E391-4C3A-BE7B-8F3E5C935BB8}.Ad-Hoc|iPhoneSimulator.ActiveCfg = Ad-Hoc|iPhoneSimulator
		{D6CFC4BD-E391-4C3A-BE7B-8F3E5C935BB8}.Ad-Hoc|iPhoneSimulator.Build.0 = Ad-Hoc|iPhoneSimulator
		{D6CFC4BD-E391-4C3A-BE7B-8F3E5C935BB8}.AppStore|Any CPU.ActiveCfg = AppStore|iPhone
		{D6CFC4BD-E391-4C3A-BE7B-8F3E5C935BB8}.AppStore|iPhone.ActiveCfg = AppStore|iPhone
		{D6CFC4BD-E391-4C3A-BE7B-8F3E5C935BB8}.AppStore|iPhone.Build.0 = AppStore|iPhone
		{D6CFC4BD-E391-4C3A-BE7B-8F3E5C935BB8}.AppStore|iPhoneSimulator.ActiveCfg = AppStore|iPhoneSimulator
		{D6CFC4BD-E391-4C3A-BE7B-8F3E5C935BB8}.AppStore|iPhoneSimulator.Build.0 = AppStore|iPhoneSimulator
		{D6CFC4BD-E391-4C3A-BE7B-8F3E5C935BB8}.Debug|Any CPU.ActiveCfg = Debug|iPhone
		{D6CFC4BD-E391-4C3A-BE7B-8F3E5C935BB8}.Debug|iPhone.ActiveCfg = Debug|iPhone
		{D6CFC4BD-E391-4C3A-BE7B-8F3E5C935BB8}.Debug|iPhone.Build.0 = Debug|iPhone
		{D6CFC4BD-E391-4C3A-BE7B-8F3E5C935BB8}.Debug|iPhoneSimulator.ActiveCfg = Debug|iPhoneSimulator
		{D6CFC4BD-E391-4C3A-BE7B-8F3E5C935BB8}.Debug|iPhoneSimulator.Build.0 = Debug|iPhoneSimulator
		{D6CFC4BD-E391-4C3A-BE7B-8F3E5C935BB8}.Release|Any CPU.ActiveCfg = Release|iPhone
		{D6CFC4BD-E391-4C3A-BE7B-8F3E5C935BB8}.Release|iPhone.ActiveCfg = Release|iPhone
		{D6CFC4BD-E391-4C3A-BE7B-8F3E5C935BB8}.Release|iPhone.Build.0 = Release|iPhone
		{D6CFC4BD-E391-4C3A-BE7B-8F3E5C935BB8}.Release|iPhoneSimulator.ActiveCfg = Release|iPhoneSimulator
		{D6CFC4BD-E391-4C3A-BE7B-8F3E5C935BB8}.Release|iPhoneSimulator.Build.0 = Release|iPhoneSimulator
	EndGlobalSection
	GlobalSection(SolutionProperties) = preSolution
		HideSolutionNode = FALSE
	EndGlobalSection
EndGlobal
