
Microsoft Visual Studio Solution File, Format Version 12.00
# Visual Studio 14
VisualStudioVersion = 14.0.25123.0
MinimumVisualStudioVersion = 10.0.40219.1
Project("{F2A71F9B-5D33-465A-A702-920D77279786}") = "ex01 - MVVM", "ex01 - MVVM\ex01 - MVVM.fsproj", "{8EF8EF0F-E2A2-4AFF-BF46-E321EB28DE56}"
EndProject
Project("{F2A71F9B-5D33-465A-A702-920D77279786}") = "ex02 - Commands", "ex02 - Commands\ex02 - Commands.fsproj", "{F305C856-50B5-4CFE-A088-55BD7C1C2FD1}"
EndProject
Global
	GlobalSection(SolutionConfigurationPlatforms) = preSolution
		Debug|Any CPU = Debug|Any CPU
		Release|Any CPU = Release|Any CPU
	EndGlobalSection
	GlobalSection(ProjectConfigurationPlatforms) = postSolution
		{8EF8EF0F-E2A2-4AFF-BF46-E321EB28DE56}.Debug|Any CPU.ActiveCfg = Debug|Any CPU
		{8EF8EF0F-E2A2-4AFF-BF46-E321EB28DE56}.Debug|Any CPU.Build.0 = Debug|Any CPU
		{8EF8EF0F-E2A2-4AFF-BF46-E321EB28DE56}.Release|Any CPU.ActiveCfg = Release|Any CPU
		{8EF8EF0F-E2A2-4AFF-BF46-E321EB28DE56}.Release|Any CPU.Build.0 = Release|Any CPU
		{F305C856-50B5-4CFE-A088-55BD7C1C2FD1}.Debug|Any CPU.ActiveCfg = Debug|Any CPU
		{F305C856-50B5-4CFE-A088-55BD7C1C2FD1}.Debug|Any CPU.Build.0 = Debug|Any CPU
		{F305C856-50B5-4CFE-A088-55BD7C1C2FD1}.Release|Any CPU.ActiveCfg = Release|Any CPU
		{F305C856-50B5-4CFE-A088-55BD7C1C2FD1}.Release|Any CPU.Build.0 = Release|Any CPU
	EndGlobalSection
	GlobalSection(SolutionProperties) = preSolution
		HideSolutionNode = FALSE
	EndGlobalSection
EndGlobal
